
Microsoft Visual Studio Solution File, Format Version 12.00
# Visual Studio Version 16
VisualStudioVersion = 16.0.29911.84
MinimumVisualStudioVersion = 10.0.40219.1
Project("{FAE04EC0-301F-11D3-BF4B-00C04F79EFBC}") = "XRemote.Mobile.Android", "Mobile\XRemote.Mobile.Android\XRemote.Mobile.Android.csproj", "{2C7C286C-5A73-417F-A49B-24A1E447111C}"
EndProject
Project("{9A19103F-16F7-4668-BE54-9A1E7A4F7556}") = "XRemote.Mobile", "Mobile\XRemote.Mobile\XRemote.Mobile.csproj", "{4A4B357C-63C2-4572-B25F-0CE9391B6766}"
EndProject
Project("{2150E333-8FDC-42A3-9474-1A3956D46DE8}") = "MaterialFrame", "MaterialFrame", "{932B157B-E2E3-44DE-8678-E344F4D85EE3}"
EndProject
Project("{9A19103F-16F7-4668-BE54-9A1E7A4F7556}") = "MaterialFrame", "Libs\MaterialFrame\MaterialFrame\MaterialFrame.csproj", "{127470F1-4C3F-442B-84C7-6B771CB5D113}"
EndProject
Project("{FAE04EC0-301F-11D3-BF4B-00C04F79EFBC}") = "MaterialFrame.Android", "Libs\MaterialFrame\MaterialFrame.Android\MaterialFrame.Android.csproj", "{F6719964-727A-4C81-9C32-FA0B08CA8AE6}"
EndProject
Project("{FAE04EC0-301F-11D3-BF4B-00C04F79EFBC}") = "MaterialFrame.iOS", "Libs\MaterialFrame\MaterialFrame.iOS\MaterialFrame.iOS.csproj", "{29B1C798-02D7-4732-ACC5-0FD2E4BBEC8B}"
EndProject
Project("{9A19103F-16F7-4668-BE54-9A1E7A4F7556}") = "XRemote.HUB", "XRemote.HUB\XRemote.HUB.csproj", "{179B77EA-EF36-4113-9A70-0C0185C14B21}"
EndProject
Project("{FAE04EC0-301F-11D3-BF4B-00C04F79EFBC}") = "XRemote.Windows", "XRemote.Windows\XRemote.Windows.csproj", "{8A1260EF-0CF6-4F38-99E3-F03C0B8A1C63}"
EndProject
Project("{2150E333-8FDC-42A3-9474-1A3956D46DE8}") = "Libs", "Libs", "{7FBC6B43-C237-4935-B2A6-EB5B5F107650}"
EndProject
Project("{9A19103F-16F7-4668-BE54-9A1E7A4F7556}") = "XRemote.ShareStructure", "Libs\XRemote.ShareStructure\XRemote.ShareStructure.csproj", "{502AE23D-4499-472E-8421-C2E8FBE54683}"
EndProject
Project("{2150E333-8FDC-42A3-9474-1A3956D46DE8}") = "Mobile", "Mobile", "{CE4B0A88-061B-41D0-BDDB-F9C181B89F43}"
EndProject
Project("{9A19103F-16F7-4668-BE54-9A1E7A4F7556}") = "OpenWeatherAPI", "Libs\OpenWeatherAPI\OpenWeatherAPI.csproj", "{A8847176-561B-4931-BF7C-F30C0DE91F53}"
EndProject
Global
	GlobalSection(SolutionConfigurationPlatforms) = preSolution
		Debug|Any CPU = Debug|Any CPU
		Debug|ARM = Debug|ARM
		Debug|ARM64 = Debug|ARM64
		Debug|iPhone = Debug|iPhone
		Debug|iPhoneSimulator = Debug|iPhoneSimulator
		Debug|x64 = Debug|x64
		Debug|x86 = Debug|x86
		Release|Any CPU = Release|Any CPU
		Release|ARM = Release|ARM
		Release|ARM64 = Release|ARM64
		Release|iPhone = Release|iPhone
		Release|iPhoneSimulator = Release|iPhoneSimulator
		Release|x64 = Release|x64
		Release|x86 = Release|x86
		ReleaseAndroid9.0|Any CPU = ReleaseAndroid9.0|Any CPU
		ReleaseAndroid9.0|ARM = ReleaseAndroid9.0|ARM
		ReleaseAndroid9.0|ARM64 = ReleaseAndroid9.0|ARM64
		ReleaseAndroid9.0|iPhone = ReleaseAndroid9.0|iPhone
		ReleaseAndroid9.0|iPhoneSimulator = ReleaseAndroid9.0|iPhoneSimulator
		ReleaseAndroid9.0|x64 = ReleaseAndroid9.0|x64
		ReleaseAndroid9.0|x86 = ReleaseAndroid9.0|x86
	EndGlobalSection
	GlobalSection(ProjectConfigurationPlatforms) = postSolution
		{2C7C286C-5A73-417F-A49B-24A1E447111C}.Debug|Any CPU.ActiveCfg = Debug|Any CPU
		{2C7C286C-5A73-417F-A49B-24A1E447111C}.Debug|Any CPU.Build.0 = Debug|Any CPU
		{2C7C286C-5A73-417F-A49B-24A1E447111C}.Debug|Any CPU.Deploy.0 = Debug|Any CPU
		{2C7C286C-5A73-417F-A49B-24A1E447111C}.Debug|ARM.ActiveCfg = Debug|Any CPU
		{2C7C286C-5A73-417F-A49B-24A1E447111C}.Debug|ARM.Build.0 = Debug|Any CPU
		{2C7C286C-5A73-417F-A49B-24A1E447111C}.Debug|ARM.Deploy.0 = Debug|Any CPU
		{2C7C286C-5A73-417F-A49B-24A1E447111C}.Debug|ARM64.ActiveCfg = Debug|Any CPU
		{2C7C286C-5A73-417F-A49B-24A1E447111C}.Debug|ARM64.Build.0 = Debug|Any CPU
		{2C7C286C-5A73-417F-A49B-24A1E447111C}.Debug|ARM64.Deploy.0 = Debug|Any CPU
		{2C7C286C-5A73-417F-A49B-24A1E447111C}.Debug|iPhone.ActiveCfg = Debug|Any CPU
		{2C7C286C-5A73-417F-A49B-24A1E447111C}.Debug|iPhone.Build.0 = Debug|Any CPU
		{2C7C286C-5A73-417F-A49B-24A1E447111C}.Debug|iPhone.Deploy.0 = Debug|Any CPU
		{2C7C286C-5A73-417F-A49B-24A1E447111C}.Debug|iPhoneSimulator.ActiveCfg = Debug|Any CPU
		{2C7C286C-5A73-417F-A49B-24A1E447111C}.Debug|iPhoneSimulator.Build.0 = Debug|Any CPU
		{2C7C286C-5A73-417F-A49B-24A1E447111C}.Debug|iPhoneSimulator.Deploy.0 = Debug|Any CPU
		{2C7C286C-5A73-417F-A49B-24A1E447111C}.Debug|x64.ActiveCfg = Debug|Any CPU
		{2C7C286C-5A73-417F-A49B-24A1E447111C}.Debug|x64.Build.0 = Debug|Any CPU
		{2C7C286C-5A73-417F-A49B-24A1E447111C}.Debug|x64.Deploy.0 = Debug|Any CPU
		{2C7C286C-5A73-417F-A49B-24A1E447111C}.Debug|x86.ActiveCfg = Debug|Any CPU
		{2C7C286C-5A73-417F-A49B-24A1E447111C}.Debug|x86.Build.0 = Debug|Any CPU
		{2C7C286C-5A73-417F-A49B-24A1E447111C}.Debug|x86.Deploy.0 = Debug|Any CPU
		{2C7C286C-5A73-417F-A49B-24A1E447111C}.Release|Any CPU.ActiveCfg = Release|Any CPU
		{2C7C286C-5A73-417F-A49B-24A1E447111C}.Release|Any CPU.Build.0 = Release|Any CPU
		{2C7C286C-5A73-417F-A49B-24A1E447111C}.Release|Any CPU.Deploy.0 = Release|Any CPU
		{2C7C286C-5A73-417F-A49B-24A1E447111C}.Release|ARM.ActiveCfg = Release|Any CPU
		{2C7C286C-5A73-417F-A49B-24A1E447111C}.Release|ARM.Build.0 = Release|Any CPU
		{2C7C286C-5A73-417F-A49B-24A1E447111C}.Release|ARM.Deploy.0 = Release|Any CPU
		{2C7C286C-5A73-417F-A49B-24A1E447111C}.Release|ARM64.ActiveCfg = Release|Any CPU
		{2C7C286C-5A73-417F-A49B-24A1E447111C}.Release|ARM64.Build.0 = Release|Any CPU
		{2C7C286C-5A73-417F-A49B-24A1E447111C}.Release|ARM64.Deploy.0 = Release|Any CPU
		{2C7C286C-5A73-417F-A49B-24A1E447111C}.Release|iPhone.ActiveCfg = Release|Any CPU
		{2C7C286C-5A73-417F-A49B-24A1E447111C}.Release|iPhone.Build.0 = Release|Any CPU
		{2C7C286C-5A73-417F-A49B-24A1E447111C}.Release|iPhone.Deploy.0 = Release|Any CPU
		{2C7C286C-5A73-417F-A49B-24A1E447111C}.Release|iPhoneSimulator.ActiveCfg = Release|Any CPU
		{2C7C286C-5A73-417F-A49B-24A1E447111C}.Release|iPhoneSimulator.Build.0 = Release|Any CPU
		{2C7C286C-5A73-417F-A49B-24A1E447111C}.Release|iPhoneSimulator.Deploy.0 = Release|Any CPU
		{2C7C286C-5A73-417F-A49B-24A1E447111C}.Release|x64.ActiveCfg = Release|Any CPU
		{2C7C286C-5A73-417F-A49B-24A1E447111C}.Release|x64.Build.0 = Release|Any CPU
		{2C7C286C-5A73-417F-A49B-24A1E447111C}.Release|x64.Deploy.0 = Release|Any CPU
		{2C7C286C-5A73-417F-A49B-24A1E447111C}.Release|x86.ActiveCfg = Release|Any CPU
		{2C7C286C-5A73-417F-A49B-24A1E447111C}.Release|x86.Build.0 = Release|Any CPU
		{2C7C286C-5A73-417F-A49B-24A1E447111C}.Release|x86.Deploy.0 = Release|Any CPU
		{2C7C286C-5A73-417F-A49B-24A1E447111C}.ReleaseAndroid9.0|Any CPU.ActiveCfg = Release|Any CPU
		{2C7C286C-5A73-417F-A49B-24A1E447111C}.ReleaseAndroid9.0|Any CPU.Build.0 = Release|Any CPU
		{2C7C286C-5A73-417F-A49B-24A1E447111C}.ReleaseAndroid9.0|Any CPU.Deploy.0 = Release|Any CPU
		{2C7C286C-5A73-417F-A49B-24A1E447111C}.ReleaseAndroid9.0|ARM.ActiveCfg = Release|Any CPU
		{2C7C286C-5A73-417F-A49B-24A1E447111C}.ReleaseAndroid9.0|ARM.Build.0 = Release|Any CPU
		{2C7C286C-5A73-417F-A49B-24A1E447111C}.ReleaseAndroid9.0|ARM.Deploy.0 = Release|Any CPU
		{2C7C286C-5A73-417F-A49B-24A1E447111C}.ReleaseAndroid9.0|ARM64.ActiveCfg = Release|Any CPU
		{2C7C286C-5A73-417F-A49B-24A1E447111C}.ReleaseAndroid9.0|ARM64.Build.0 = Release|Any CPU
		{2C7C286C-5A73-417F-A49B-24A1E447111C}.ReleaseAndroid9.0|ARM64.Deploy.0 = Release|Any CPU
		{2C7C286C-5A73-417F-A49B-24A1E447111C}.ReleaseAndroid9.0|iPhone.ActiveCfg = Release|Any CPU
		{2C7C286C-5A73-417F-A49B-24A1E447111C}.ReleaseAndroid9.0|iPhone.Build.0 = Release|Any CPU
		{2C7C286C-5A73-417F-A49B-24A1E447111C}.ReleaseAndroid9.0|iPhone.Deploy.0 = Release|Any CPU
		{2C7C286C-5A73-417F-A49B-24A1E447111C}.ReleaseAndroid9.0|iPhoneSimulator.ActiveCfg = Release|Any CPU
		{2C7C286C-5A73-417F-A49B-24A1E447111C}.ReleaseAndroid9.0|iPhoneSimulator.Build.0 = Release|Any CPU
		{2C7C286C-5A73-417F-A49B-24A1E447111C}.ReleaseAndroid9.0|iPhoneSimulator.Deploy.0 = Release|Any CPU
		{2C7C286C-5A73-417F-A49B-24A1E447111C}.ReleaseAndroid9.0|x64.ActiveCfg = Release|Any CPU
		{2C7C286C-5A73-417F-A49B-24A1E447111C}.ReleaseAndroid9.0|x64.Build.0 = Release|Any CPU
		{2C7C286C-5A73-417F-A49B-24A1E447111C}.ReleaseAndroid9.0|x64.Deploy.0 = Release|Any CPU
		{2C7C286C-5A73-417F-A49B-24A1E447111C}.ReleaseAndroid9.0|x86.ActiveCfg = Release|Any CPU
		{2C7C286C-5A73-417F-A49B-24A1E447111C}.ReleaseAndroid9.0|x86.Build.0 = Release|Any CPU
		{2C7C286C-5A73-417F-A49B-24A1E447111C}.ReleaseAndroid9.0|x86.Deploy.0 = Release|Any CPU
		{4A4B357C-63C2-4572-B25F-0CE9391B6766}.Debug|Any CPU.ActiveCfg = Debug|Any CPU
		{4A4B357C-63C2-4572-B25F-0CE9391B6766}.Debug|Any CPU.Build.0 = Debug|Any CPU
		{4A4B357C-63C2-4572-B25F-0CE9391B6766}.Debug|Any CPU.Deploy.0 = Debug|Any CPU
		{4A4B357C-63C2-4572-B25F-0CE9391B6766}.Debug|ARM.ActiveCfg = Debug|Any CPU
		{4A4B357C-63C2-4572-B25F-0CE9391B6766}.Debug|ARM.Build.0 = Debug|Any CPU
		{4A4B357C-63C2-4572-B25F-0CE9391B6766}.Debug|ARM64.ActiveCfg = Debug|Any CPU
		{4A4B357C-63C2-4572-B25F-0CE9391B6766}.Debug|ARM64.Build.0 = Debug|Any CPU
		{4A4B357C-63C2-4572-B25F-0CE9391B6766}.Debug|iPhone.ActiveCfg = Debug|Any CPU
		{4A4B357C-63C2-4572-B25F-0CE9391B6766}.Debug|iPhone.Build.0 = Debug|Any CPU
		{4A4B357C-63C2-4572-B25F-0CE9391B6766}.Debug|iPhone.Deploy.0 = Debug|Any CPU
		{4A4B357C-63C2-4572-B25F-0CE9391B6766}.Debug|iPhoneSimulator.ActiveCfg = Debug|Any CPU
		{4A4B357C-63C2-4572-B25F-0CE9391B6766}.Debug|iPhoneSimulator.Build.0 = Debug|Any CPU
		{4A4B357C-63C2-4572-B25F-0CE9391B6766}.Debug|iPhoneSimulator.Deploy.0 = Debug|Any CPU
		{4A4B357C-63C2-4572-B25F-0CE9391B6766}.Debug|x64.ActiveCfg = Debug|Any CPU
		{4A4B357C-63C2-4572-B25F-0CE9391B6766}.Debug|x64.Build.0 = Debug|Any CPU
		{4A4B357C-63C2-4572-B25F-0CE9391B6766}.Debug|x86.ActiveCfg = Debug|Any CPU
		{4A4B357C-63C2-4572-B25F-0CE9391B6766}.Debug|x86.Build.0 = Debug|Any CPU
		{4A4B357C-63C2-4572-B25F-0CE9391B6766}.Release|Any CPU.ActiveCfg = Release|Any CPU
		{4A4B357C-63C2-4572-B25F-0CE9391B6766}.Release|Any CPU.Build.0 = Release|Any CPU
		{4A4B357C-63C2-4572-B25F-0CE9391B6766}.Release|Any CPU.Deploy.0 = Release|Any CPU
		{4A4B357C-63C2-4572-B25F-0CE9391B6766}.Release|ARM.ActiveCfg = Release|Any CPU
		{4A4B357C-63C2-4572-B25F-0CE9391B6766}.Release|ARM.Build.0 = Release|Any CPU
		{4A4B357C-63C2-4572-B25F-0CE9391B6766}.Release|ARM64.ActiveCfg = Release|Any CPU
		{4A4B357C-63C2-4572-B25F-0CE9391B6766}.Release|ARM64.Build.0 = Release|Any CPU
		{4A4B357C-63C2-4572-B25F-0CE9391B6766}.Release|iPhone.ActiveCfg = Release|Any CPU
		{4A4B357C-63C2-4572-B25F-0CE9391B6766}.Release|iPhone.Build.0 = Release|Any CPU
		{4A4B357C-63C2-4572-B25F-0CE9391B6766}.Release|iPhone.Deploy.0 = Release|Any CPU
		{4A4B357C-63C2-4572-B25F-0CE9391B6766}.Release|iPhoneSimulator.ActiveCfg = Release|Any CPU
		{4A4B357C-63C2-4572-B25F-0CE9391B6766}.Release|iPhoneSimulator.Build.0 = Release|Any CPU
		{4A4B357C-63C2-4572-B25F-0CE9391B6766}.Release|iPhoneSimulator.Deploy.0 = Release|Any CPU
		{4A4B357C-63C2-4572-B25F-0CE9391B6766}.Release|x64.ActiveCfg = Release|Any CPU
		{4A4B357C-63C2-4572-B25F-0CE9391B6766}.Release|x64.Build.0 = Release|Any CPU
		{4A4B357C-63C2-4572-B25F-0CE9391B6766}.Release|x86.ActiveCfg = Release|Any CPU
		{4A4B357C-63C2-4572-B25F-0CE9391B6766}.Release|x86.Build.0 = Release|Any CPU
		{4A4B357C-63C2-4572-B25F-0CE9391B6766}.ReleaseAndroid9.0|Any CPU.ActiveCfg = Release|Any CPU
		{4A4B357C-63C2-4572-B25F-0CE9391B6766}.ReleaseAndroid9.0|Any CPU.Build.0 = Release|Any CPU
		{4A4B357C-63C2-4572-B25F-0CE9391B6766}.ReleaseAndroid9.0|ARM.ActiveCfg = Release|Any CPU
		{4A4B357C-63C2-4572-B25F-0CE9391B6766}.ReleaseAndroid9.0|ARM.Build.0 = Release|Any CPU
		{4A4B357C-63C2-4572-B25F-0CE9391B6766}.ReleaseAndroid9.0|ARM64.ActiveCfg = Release|Any CPU
		{4A4B357C-63C2-4572-B25F-0CE9391B6766}.ReleaseAndroid9.0|ARM64.Build.0 = Release|Any CPU
		{4A4B357C-63C2-4572-B25F-0CE9391B6766}.ReleaseAndroid9.0|iPhone.ActiveCfg = Release|Any CPU
		{4A4B357C-63C2-4572-B25F-0CE9391B6766}.ReleaseAndroid9.0|iPhone.Build.0 = Release|Any CPU
		{4A4B357C-63C2-4572-B25F-0CE9391B6766}.ReleaseAndroid9.0|iPhoneSimulator.ActiveCfg = Release|Any CPU
		{4A4B357C-63C2-4572-B25F-0CE9391B6766}.ReleaseAndroid9.0|iPhoneSimulator.Build.0 = Release|Any CPU
		{4A4B357C-63C2-4572-B25F-0CE9391B6766}.ReleaseAndroid9.0|x64.ActiveCfg = Release|Any CPU
		{4A4B357C-63C2-4572-B25F-0CE9391B6766}.ReleaseAndroid9.0|x64.Build.0 = Release|Any CPU
		{4A4B357C-63C2-4572-B25F-0CE9391B6766}.ReleaseAndroid9.0|x86.ActiveCfg = Release|Any CPU
		{4A4B357C-63C2-4572-B25F-0CE9391B6766}.ReleaseAndroid9.0|x86.Build.0 = Release|Any CPU
		{127470F1-4C3F-442B-84C7-6B771CB5D113}.Debug|Any CPU.ActiveCfg = Debug|Any CPU
		{127470F1-4C3F-442B-84C7-6B771CB5D113}.Debug|Any CPU.Build.0 = Debug|Any CPU
		{127470F1-4C3F-442B-84C7-6B771CB5D113}.Debug|ARM.ActiveCfg = Debug|Any CPU
		{127470F1-4C3F-442B-84C7-6B771CB5D113}.Debug|ARM.Build.0 = Debug|Any CPU
		{127470F1-4C3F-442B-84C7-6B771CB5D113}.Debug|ARM64.ActiveCfg = Debug|Any CPU
		{127470F1-4C3F-442B-84C7-6B771CB5D113}.Debug|ARM64.Build.0 = Debug|Any CPU
		{127470F1-4C3F-442B-84C7-6B771CB5D113}.Debug|iPhone.ActiveCfg = Debug|Any CPU
		{127470F1-4C3F-442B-84C7-6B771CB5D113}.Debug|iPhone.Build.0 = Debug|Any CPU
		{127470F1-4C3F-442B-84C7-6B771CB5D113}.Debug|iPhoneSimulator.ActiveCfg = Debug|Any CPU
		{127470F1-4C3F-442B-84C7-6B771CB5D113}.Debug|iPhoneSimulator.Build.0 = Debug|Any CPU
		{127470F1-4C3F-442B-84C7-6B771CB5D113}.Debug|x64.ActiveCfg = Debug|Any CPU
		{127470F1-4C3F-442B-84C7-6B771CB5D113}.Debug|x64.Build.0 = Debug|Any CPU
		{127470F1-4C3F-442B-84C7-6B771CB5D113}.Debug|x86.ActiveCfg = Debug|Any CPU
		{127470F1-4C3F-442B-84C7-6B771CB5D113}.Debug|x86.Build.0 = Debug|Any CPU
		{127470F1-4C3F-442B-84C7-6B771CB5D113}.Release|Any CPU.ActiveCfg = Release|Any CPU
		{127470F1-4C3F-442B-84C7-6B771CB5D113}.Release|Any CPU.Build.0 = Release|Any CPU
		{127470F1-4C3F-442B-84C7-6B771CB5D113}.Release|ARM.ActiveCfg = Release|Any CPU
		{127470F1-4C3F-442B-84C7-6B771CB5D113}.Release|ARM.Build.0 = Release|Any CPU
		{127470F1-4C3F-442B-84C7-6B771CB5D113}.Release|ARM64.ActiveCfg = Release|Any CPU
		{127470F1-4C3F-442B-84C7-6B771CB5D113}.Release|ARM64.Build.0 = Release|Any CPU
		{127470F1-4C3F-442B-84C7-6B771CB5D113}.Release|iPhone.ActiveCfg = Release|Any CPU
		{127470F1-4C3F-442B-84C7-6B771CB5D113}.Release|iPhone.Build.0 = Release|Any CPU
		{127470F1-4C3F-442B-84C7-6B771CB5D113}.Release|iPhoneSimulator.ActiveCfg = Release|Any CPU
		{127470F1-4C3F-442B-84C7-6B771CB5D113}.Release|iPhoneSimulator.Build.0 = Release|Any CPU
		{127470F1-4C3F-442B-84C7-6B771CB5D113}.Release|x64.ActiveCfg = Release|Any CPU
		{127470F1-4C3F-442B-84C7-6B771CB5D113}.Release|x64.Build.0 = Release|Any CPU
		{127470F1-4C3F-442B-84C7-6B771CB5D113}.Release|x86.ActiveCfg = Release|Any CPU
		{127470F1-4C3F-442B-84C7-6B771CB5D113}.Release|x86.Build.0 = Release|Any CPU
		{127470F1-4C3F-442B-84C7-6B771CB5D113}.ReleaseAndroid9.0|Any CPU.ActiveCfg = Release|Any CPU
		{127470F1-4C3F-442B-84C7-6B771CB5D113}.ReleaseAndroid9.0|Any CPU.Build.0 = Release|Any CPU
		{127470F1-4C3F-442B-84C7-6B771CB5D113}.ReleaseAndroid9.0|ARM.ActiveCfg = Release|Any CPU
		{127470F1-4C3F-442B-84C7-6B771CB5D113}.ReleaseAndroid9.0|ARM.Build.0 = Release|Any CPU
		{127470F1-4C3F-442B-84C7-6B771CB5D113}.ReleaseAndroid9.0|ARM64.ActiveCfg = Release|Any CPU
		{127470F1-4C3F-442B-84C7-6B771CB5D113}.ReleaseAndroid9.0|ARM64.Build.0 = Release|Any CPU
		{127470F1-4C3F-442B-84C7-6B771CB5D113}.ReleaseAndroid9.0|iPhone.ActiveCfg = Release|Any CPU
		{127470F1-4C3F-442B-84C7-6B771CB5D113}.ReleaseAndroid9.0|iPhone.Build.0 = Release|Any CPU
		{127470F1-4C3F-442B-84C7-6B771CB5D113}.ReleaseAndroid9.0|iPhoneSimulator.ActiveCfg = Release|Any CPU
		{127470F1-4C3F-442B-84C7-6B771CB5D113}.ReleaseAndroid9.0|iPhoneSimulator.Build.0 = Release|Any CPU
		{127470F1-4C3F-442B-84C7-6B771CB5D113}.ReleaseAndroid9.0|x64.ActiveCfg = Release|Any CPU
		{127470F1-4C3F-442B-84C7-6B771CB5D113}.ReleaseAndroid9.0|x64.Build.0 = Release|Any CPU
		{127470F1-4C3F-442B-84C7-6B771CB5D113}.ReleaseAndroid9.0|x86.ActiveCfg = Release|Any CPU
		{127470F1-4C3F-442B-84C7-6B771CB5D113}.ReleaseAndroid9.0|x86.Build.0 = Release|Any CPU
		{F6719964-727A-4C81-9C32-FA0B08CA8AE6}.Debug|Any CPU.ActiveCfg = Debug|Any CPU
		{F6719964-727A-4C81-9C32-FA0B08CA8AE6}.Debug|Any CPU.Build.0 = Debug|Any CPU
		{F6719964-727A-4C81-9C32-FA0B08CA8AE6}.Debug|Any CPU.Deploy.0 = Debug|Any CPU
		{F6719964-727A-4C81-9C32-FA0B08CA8AE6}.Debug|ARM.ActiveCfg = Debug|Any CPU
		{F6719964-727A-4C81-9C32-FA0B08CA8AE6}.Debug|ARM.Build.0 = Debug|Any CPU
		{F6719964-727A-4C81-9C32-FA0B08CA8AE6}.Debug|ARM.Deploy.0 = Debug|Any CPU
		{F6719964-727A-4C81-9C32-FA0B08CA8AE6}.Debug|ARM64.ActiveCfg = Debug|Any CPU
		{F6719964-727A-4C81-9C32-FA0B08CA8AE6}.Debug|ARM64.Build.0 = Debug|Any CPU
		{F6719964-727A-4C81-9C32-FA0B08CA8AE6}.Debug|ARM64.Deploy.0 = Debug|Any CPU
		{F6719964-727A-4C81-9C32-FA0B08CA8AE6}.Debug|iPhone.ActiveCfg = Debug|Any CPU
		{F6719964-727A-4C81-9C32-FA0B08CA8AE6}.Debug|iPhone.Build.0 = Debug|Any CPU
		{F6719964-727A-4C81-9C32-FA0B08CA8AE6}.Debug|iPhone.Deploy.0 = Debug|Any CPU
		{F6719964-727A-4C81-9C32-FA0B08CA8AE6}.Debug|iPhoneSimulator.ActiveCfg = Debug|Any CPU
		{F6719964-727A-4C81-9C32-FA0B08CA8AE6}.Debug|iPhoneSimulator.Build.0 = Debug|Any CPU
		{F6719964-727A-4C81-9C32-FA0B08CA8AE6}.Debug|iPhoneSimulator.Deploy.0 = Debug|Any CPU
		{F6719964-727A-4C81-9C32-FA0B08CA8AE6}.Debug|x64.ActiveCfg = Debug|Any CPU
		{F6719964-727A-4C81-9C32-FA0B08CA8AE6}.Debug|x64.Build.0 = Debug|Any CPU
		{F6719964-727A-4C81-9C32-FA0B08CA8AE6}.Debug|x64.Deploy.0 = Debug|Any CPU
		{F6719964-727A-4C81-9C32-FA0B08CA8AE6}.Debug|x86.ActiveCfg = Debug|Any CPU
		{F6719964-727A-4C81-9C32-FA0B08CA8AE6}.Debug|x86.Build.0 = Debug|Any CPU
		{F6719964-727A-4C81-9C32-FA0B08CA8AE6}.Debug|x86.Deploy.0 = Debug|Any CPU
		{F6719964-727A-4C81-9C32-FA0B08CA8AE6}.Release|Any CPU.ActiveCfg = Release|Any CPU
		{F6719964-727A-4C81-9C32-FA0B08CA8AE6}.Release|Any CPU.Build.0 = Release|Any CPU
		{F6719964-727A-4C81-9C32-FA0B08CA8AE6}.Release|Any CPU.Deploy.0 = Release|Any CPU
		{F6719964-727A-4C81-9C32-FA0B08CA8AE6}.Release|ARM.ActiveCfg = Release|Any CPU
		{F6719964-727A-4C81-9C32-FA0B08CA8AE6}.Release|ARM.Build.0 = Release|Any CPU
		{F6719964-727A-4C81-9C32-FA0B08CA8AE6}.Release|ARM.Deploy.0 = Release|Any CPU
		{F6719964-727A-4C81-9C32-FA0B08CA8AE6}.Release|ARM64.ActiveCfg = Release|Any CPU
		{F6719964-727A-4C81-9C32-FA0B08CA8AE6}.Release|ARM64.Build.0 = Release|Any CPU
		{F6719964-727A-4C81-9C32-FA0B08CA8AE6}.Release|ARM64.Deploy.0 = Release|Any CPU
		{F6719964-727A-4C81-9C32-FA0B08CA8AE6}.Release|iPhone.ActiveCfg = Release|Any CPU
		{F6719964-727A-4C81-9C32-FA0B08CA8AE6}.Release|iPhone.Build.0 = Release|Any CPU
		{F6719964-727A-4C81-9C32-FA0B08CA8AE6}.Release|iPhone.Deploy.0 = Release|Any CPU
		{F6719964-727A-4C81-9C32-FA0B08CA8AE6}.Release|iPhoneSimulator.ActiveCfg = Release|Any CPU
		{F6719964-727A-4C81-9C32-FA0B08CA8AE6}.Release|iPhoneSimulator.Build.0 = Release|Any CPU
		{F6719964-727A-4C81-9C32-FA0B08CA8AE6}.Release|iPhoneSimulator.Deploy.0 = Release|Any CPU
		{F6719964-727A-4C81-9C32-FA0B08CA8AE6}.Release|x64.ActiveCfg = Release|Any CPU
		{F6719964-727A-4C81-9C32-FA0B08CA8AE6}.Release|x64.Build.0 = Release|Any CPU
		{F6719964-727A-4C81-9C32-FA0B08CA8AE6}.Release|x64.Deploy.0 = Release|Any CPU
		{F6719964-727A-4C81-9C32-FA0B08CA8AE6}.Release|x86.ActiveCfg = Release|Any CPU
		{F6719964-727A-4C81-9C32-FA0B08CA8AE6}.Release|x86.Build.0 = Release|Any CPU
		{F6719964-727A-4C81-9C32-FA0B08CA8AE6}.Release|x86.Deploy.0 = Release|Any CPU
		{F6719964-727A-4C81-9C32-FA0B08CA8AE6}.ReleaseAndroid9.0|Any CPU.ActiveCfg = ReleaseAndroid9.0|Any CPU
		{F6719964-727A-4C81-9C32-FA0B08CA8AE6}.ReleaseAndroid9.0|Any CPU.Build.0 = ReleaseAndroid9.0|Any CPU
		{F6719964-727A-4C81-9C32-FA0B08CA8AE6}.ReleaseAndroid9.0|Any CPU.Deploy.0 = ReleaseAndroid9.0|Any CPU
		{F6719964-727A-4C81-9C32-FA0B08CA8AE6}.ReleaseAndroid9.0|ARM.ActiveCfg = ReleaseAndroid9.0|Any CPU
		{F6719964-727A-4C81-9C32-FA0B08CA8AE6}.ReleaseAndroid9.0|ARM.Build.0 = ReleaseAndroid9.0|Any CPU
		{F6719964-727A-4C81-9C32-FA0B08CA8AE6}.ReleaseAndroid9.0|ARM.Deploy.0 = ReleaseAndroid9.0|Any CPU
		{F6719964-727A-4C81-9C32-FA0B08CA8AE6}.ReleaseAndroid9.0|ARM64.ActiveCfg = ReleaseAndroid9.0|Any CPU
		{F6719964-727A-4C81-9C32-FA0B08CA8AE6}.ReleaseAndroid9.0|ARM64.Build.0 = ReleaseAndroid9.0|Any CPU
		{F6719964-727A-4C81-9C32-FA0B08CA8AE6}.ReleaseAndroid9.0|ARM64.Deploy.0 = ReleaseAndroid9.0|Any CPU
		{F6719964-727A-4C81-9C32-FA0B08CA8AE6}.ReleaseAndroid9.0|iPhone.ActiveCfg = ReleaseAndroid9.0|Any CPU
		{F6719964-727A-4C81-9C32-FA0B08CA8AE6}.ReleaseAndroid9.0|iPhone.Build.0 = ReleaseAndroid9.0|Any CPU
		{F6719964-727A-4C81-9C32-FA0B08CA8AE6}.ReleaseAndroid9.0|iPhone.Deploy.0 = ReleaseAndroid9.0|Any CPU
		{F6719964-727A-4C81-9C32-FA0B08CA8AE6}.ReleaseAndroid9.0|iPhoneSimulator.ActiveCfg = ReleaseAndroid9.0|Any CPU
		{F6719964-727A-4C81-9C32-FA0B08CA8AE6}.ReleaseAndroid9.0|iPhoneSimulator.Build.0 = ReleaseAndroid9.0|Any CPU
		{F6719964-727A-4C81-9C32-FA0B08CA8AE6}.ReleaseAndroid9.0|iPhoneSimulator.Deploy.0 = ReleaseAndroid9.0|Any CPU
		{F6719964-727A-4C81-9C32-FA0B08CA8AE6}.ReleaseAndroid9.0|x64.ActiveCfg = ReleaseAndroid9.0|Any CPU
		{F6719964-727A-4C81-9C32-FA0B08CA8AE6}.ReleaseAndroid9.0|x64.Build.0 = ReleaseAndroid9.0|Any CPU
		{F6719964-727A-4C81-9C32-FA0B08CA8AE6}.ReleaseAndroid9.0|x64.Deploy.0 = ReleaseAndroid9.0|Any CPU
		{F6719964-727A-4C81-9C32-FA0B08CA8AE6}.ReleaseAndroid9.0|x86.ActiveCfg = ReleaseAndroid9.0|Any CPU
		{F6719964-727A-4C81-9C32-FA0B08CA8AE6}.ReleaseAndroid9.0|x86.Build.0 = ReleaseAndroid9.0|Any CPU
		{F6719964-727A-4C81-9C32-FA0B08CA8AE6}.ReleaseAndroid9.0|x86.Deploy.0 = ReleaseAndroid9.0|Any CPU
		{29B1C798-02D7-4732-ACC5-0FD2E4BBEC8B}.Debug|Any CPU.ActiveCfg = Debug|Any CPU
		{29B1C798-02D7-4732-ACC5-0FD2E4BBEC8B}.Debug|ARM.ActiveCfg = Debug|Any CPU
		{29B1C798-02D7-4732-ACC5-0FD2E4BBEC8B}.Debug|ARM.Build.0 = Debug|Any CPU
		{29B1C798-02D7-4732-ACC5-0FD2E4BBEC8B}.Debug|ARM64.ActiveCfg = Debug|Any CPU
		{29B1C798-02D7-4732-ACC5-0FD2E4BBEC8B}.Debug|ARM64.Build.0 = Debug|Any CPU
		{29B1C798-02D7-4732-ACC5-0FD2E4BBEC8B}.Debug|iPhone.ActiveCfg = Debug|Any CPU
		{29B1C798-02D7-4732-ACC5-0FD2E4BBEC8B}.Debug|iPhone.Build.0 = Debug|Any CPU
		{29B1C798-02D7-4732-ACC5-0FD2E4BBEC8B}.Debug|iPhoneSimulator.ActiveCfg = Debug|Any CPU
		{29B1C798-02D7-4732-ACC5-0FD2E4BBEC8B}.Debug|iPhoneSimulator.Build.0 = Debug|Any CPU
		{29B1C798-02D7-4732-ACC5-0FD2E4BBEC8B}.Debug|x64.ActiveCfg = Debug|Any CPU
		{29B1C798-02D7-4732-ACC5-0FD2E4BBEC8B}.Debug|x64.Build.0 = Debug|Any CPU
		{29B1C798-02D7-4732-ACC5-0FD2E4BBEC8B}.Debug|x86.ActiveCfg = Debug|Any CPU
		{29B1C798-02D7-4732-ACC5-0FD2E4BBEC8B}.Debug|x86.Build.0 = Debug|Any CPU
		{29B1C798-02D7-4732-ACC5-0FD2E4BBEC8B}.Release|Any CPU.ActiveCfg = Release|Any CPU
		{29B1C798-02D7-4732-ACC5-0FD2E4BBEC8B}.Release|Any CPU.Build.0 = Release|Any CPU
		{29B1C798-02D7-4732-ACC5-0FD2E4BBEC8B}.Release|ARM.ActiveCfg = Release|Any CPU
		{29B1C798-02D7-4732-ACC5-0FD2E4BBEC8B}.Release|ARM.Build.0 = Release|Any CPU
		{29B1C798-02D7-4732-ACC5-0FD2E4BBEC8B}.Release|ARM64.ActiveCfg = Release|Any CPU
		{29B1C798-02D7-4732-ACC5-0FD2E4BBEC8B}.Release|ARM64.Build.0 = Release|Any CPU
		{29B1C798-02D7-4732-ACC5-0FD2E4BBEC8B}.Release|iPhone.ActiveCfg = Release|Any CPU
		{29B1C798-02D7-4732-ACC5-0FD2E4BBEC8B}.Release|iPhone.Build.0 = Release|Any CPU
		{29B1C798-02D7-4732-ACC5-0FD2E4BBEC8B}.Release|iPhoneSimulator.ActiveCfg = Release|Any CPU
		{29B1C798-02D7-4732-ACC5-0FD2E4BBEC8B}.Release|iPhoneSimulator.Build.0 = Release|Any CPU
		{29B1C798-02D7-4732-ACC5-0FD2E4BBEC8B}.Release|x64.ActiveCfg = Release|Any CPU
		{29B1C798-02D7-4732-ACC5-0FD2E4BBEC8B}.Release|x64.Build.0 = Release|Any CPU
		{29B1C798-02D7-4732-ACC5-0FD2E4BBEC8B}.Release|x86.ActiveCfg = Release|Any CPU
		{29B1C798-02D7-4732-ACC5-0FD2E4BBEC8B}.Release|x86.Build.0 = Release|Any CPU
		{29B1C798-02D7-4732-ACC5-0FD2E4BBEC8B}.ReleaseAndroid9.0|Any CPU.ActiveCfg = Release|Any CPU
		{29B1C798-02D7-4732-ACC5-0FD2E4BBEC8B}.ReleaseAndroid9.0|Any CPU.Build.0 = Release|Any CPU
		{29B1C798-02D7-4732-ACC5-0FD2E4BBEC8B}.ReleaseAndroid9.0|ARM.ActiveCfg = Release|Any CPU
		{29B1C798-02D7-4732-ACC5-0FD2E4BBEC8B}.ReleaseAndroid9.0|ARM.Build.0 = Release|Any CPU
		{29B1C798-02D7-4732-ACC5-0FD2E4BBEC8B}.ReleaseAndroid9.0|ARM64.ActiveCfg = Release|Any CPU
		{29B1C798-02D7-4732-ACC5-0FD2E4BBEC8B}.ReleaseAndroid9.0|ARM64.Build.0 = Release|Any CPU
		{29B1C798-02D7-4732-ACC5-0FD2E4BBEC8B}.ReleaseAndroid9.0|iPhone.ActiveCfg = Release|Any CPU
		{29B1C798-02D7-4732-ACC5-0FD2E4BBEC8B}.ReleaseAndroid9.0|iPhone.Build.0 = Release|Any CPU
		{29B1C798-02D7-4732-ACC5-0FD2E4BBEC8B}.ReleaseAndroid9.0|iPhoneSimulator.ActiveCfg = Release|Any CPU
		{29B1C798-02D7-4732-ACC5-0FD2E4BBEC8B}.ReleaseAndroid9.0|iPhoneSimulator.Build.0 = Release|Any CPU
		{29B1C798-02D7-4732-ACC5-0FD2E4BBEC8B}.ReleaseAndroid9.0|x64.ActiveCfg = Release|Any CPU
		{29B1C798-02D7-4732-ACC5-0FD2E4BBEC8B}.ReleaseAndroid9.0|x64.Build.0 = Release|Any CPU
		{29B1C798-02D7-4732-ACC5-0FD2E4BBEC8B}.ReleaseAndroid9.0|x86.ActiveCfg = Release|Any CPU
		{29B1C798-02D7-4732-ACC5-0FD2E4BBEC8B}.ReleaseAndroid9.0|x86.Build.0 = Release|Any CPU
		{179B77EA-EF36-4113-9A70-0C0185C14B21}.Debug|Any CPU.ActiveCfg = Debug|Any CPU
		{179B77EA-EF36-4113-9A70-0C0185C14B21}.Debug|Any CPU.Build.0 = Debug|Any CPU
		{179B77EA-EF36-4113-9A70-0C0185C14B21}.Debug|ARM.ActiveCfg = Debug|Any CPU
		{179B77EA-EF36-4113-9A70-0C0185C14B21}.Debug|ARM.Build.0 = Debug|Any CPU
		{179B77EA-EF36-4113-9A70-0C0185C14B21}.Debug|ARM64.ActiveCfg = Debug|Any CPU
		{179B77EA-EF36-4113-9A70-0C0185C14B21}.Debug|ARM64.Build.0 = Debug|Any CPU
		{179B77EA-EF36-4113-9A70-0C0185C14B21}.Debug|iPhone.ActiveCfg = Debug|Any CPU
		{179B77EA-EF36-4113-9A70-0C0185C14B21}.Debug|iPhone.Build.0 = Debug|Any CPU
		{179B77EA-EF36-4113-9A70-0C0185C14B21}.Debug|iPhoneSimulator.ActiveCfg = Debug|Any CPU
		{179B77EA-EF36-4113-9A70-0C0185C14B21}.Debug|iPhoneSimulator.Build.0 = Debug|Any CPU
		{179B77EA-EF36-4113-9A70-0C0185C14B21}.Debug|x64.ActiveCfg = Debug|Any CPU
		{179B77EA-EF36-4113-9A70-0C0185C14B21}.Debug|x64.Build.0 = Debug|Any CPU
		{179B77EA-EF36-4113-9A70-0C0185C14B21}.Debug|x86.ActiveCfg = Debug|Any CPU
		{179B77EA-EF36-4113-9A70-0C0185C14B21}.Debug|x86.Build.0 = Debug|Any CPU
		{179B77EA-EF36-4113-9A70-0C0185C14B21}.Release|Any CPU.ActiveCfg = Release|Any CPU
		{179B77EA-EF36-4113-9A70-0C0185C14B21}.Release|Any CPU.Build.0 = Release|Any CPU
		{179B77EA-EF36-4113-9A70-0C0185C14B21}.Release|ARM.ActiveCfg = Release|Any CPU
		{179B77EA-EF36-4113-9A70-0C0185C14B21}.Release|ARM.Build.0 = Release|Any CPU
		{179B77EA-EF36-4113-9A70-0C0185C14B21}.Release|ARM64.ActiveCfg = Release|Any CPU
		{179B77EA-EF36-4113-9A70-0C0185C14B21}.Release|ARM64.Build.0 = Release|Any CPU
		{179B77EA-EF36-4113-9A70-0C0185C14B21}.Release|iPhone.ActiveCfg = Release|Any CPU
		{179B77EA-EF36-4113-9A70-0C0185C14B21}.Release|iPhone.Build.0 = Release|Any CPU
		{179B77EA-EF36-4113-9A70-0C0185C14B21}.Release|iPhoneSimulator.ActiveCfg = Release|Any CPU
		{179B77EA-EF36-4113-9A70-0C0185C14B21}.Release|iPhoneSimulator.Build.0 = Release|Any CPU
		{179B77EA-EF36-4113-9A70-0C0185C14B21}.Release|x64.ActiveCfg = Release|Any CPU
		{179B77EA-EF36-4113-9A70-0C0185C14B21}.Release|x64.Build.0 = Release|Any CPU
		{179B77EA-EF36-4113-9A70-0C0185C14B21}.Release|x86.ActiveCfg = Release|Any CPU
		{179B77EA-EF36-4113-9A70-0C0185C14B21}.Release|x86.Build.0 = Release|Any CPU
		{179B77EA-EF36-4113-9A70-0C0185C14B21}.ReleaseAndroid9.0|Any CPU.ActiveCfg = Release|Any CPU
		{179B77EA-EF36-4113-9A70-0C0185C14B21}.ReleaseAndroid9.0|Any CPU.Build.0 = Release|Any CPU
		{179B77EA-EF36-4113-9A70-0C0185C14B21}.ReleaseAndroid9.0|ARM.ActiveCfg = Release|Any CPU
		{179B77EA-EF36-4113-9A70-0C0185C14B21}.ReleaseAndroid9.0|ARM.Build.0 = Release|Any CPU
		{179B77EA-EF36-4113-9A70-0C0185C14B21}.ReleaseAndroid9.0|ARM64.ActiveCfg = Release|Any CPU
		{179B77EA-EF36-4113-9A70-0C0185C14B21}.ReleaseAndroid9.0|ARM64.Build.0 = Release|Any CPU
		{179B77EA-EF36-4113-9A70-0C0185C14B21}.ReleaseAndroid9.0|iPhone.ActiveCfg = Release|Any CPU
		{179B77EA-EF36-4113-9A70-0C0185C14B21}.ReleaseAndroid9.0|iPhone.Build.0 = Release|Any CPU
		{179B77EA-EF36-4113-9A70-0C0185C14B21}.ReleaseAndroid9.0|iPhoneSimulator.ActiveCfg = Release|Any CPU
		{179B77EA-EF36-4113-9A70-0C0185C14B21}.ReleaseAndroid9.0|iPhoneSimulator.Build.0 = Release|Any CPU
		{179B77EA-EF36-4113-9A70-0C0185C14B21}.ReleaseAndroid9.0|x64.ActiveCfg = Release|Any CPU
		{179B77EA-EF36-4113-9A70-0C0185C14B21}.ReleaseAndroid9.0|x64.Build.0 = Release|Any CPU
		{179B77EA-EF36-4113-9A70-0C0185C14B21}.ReleaseAndroid9.0|x86.ActiveCfg = Release|Any CPU
		{179B77EA-EF36-4113-9A70-0C0185C14B21}.ReleaseAndroid9.0|x86.Build.0 = Release|Any CPU
		{8A1260EF-0CF6-4F38-99E3-F03C0B8A1C63}.Debug|Any CPU.ActiveCfg = Debug|Any CPU
		{8A1260EF-0CF6-4F38-99E3-F03C0B8A1C63}.Debug|Any CPU.Build.0 = Debug|Any CPU
		{8A1260EF-0CF6-4F38-99E3-F03C0B8A1C63}.Debug|ARM.ActiveCfg = Debug|Any CPU
		{8A1260EF-0CF6-4F38-99E3-F03C0B8A1C63}.Debug|ARM.Build.0 = Debug|Any CPU
		{8A1260EF-0CF6-4F38-99E3-F03C0B8A1C63}.Debug|ARM64.ActiveCfg = Debug|Any CPU
		{8A1260EF-0CF6-4F38-99E3-F03C0B8A1C63}.Debug|ARM64.Build.0 = Debug|Any CPU
		{8A1260EF-0CF6-4F38-99E3-F03C0B8A1C63}.Debug|iPhone.ActiveCfg = Debug|Any CPU
		{8A1260EF-0CF6-4F38-99E3-F03C0B8A1C63}.Debug|iPhone.Build.0 = Debug|Any CPU
		{8A1260EF-0CF6-4F38-99E3-F03C0B8A1C63}.Debug|iPhoneSimulator.ActiveCfg = Debug|Any CPU
		{8A1260EF-0CF6-4F38-99E3-F03C0B8A1C63}.Debug|iPhoneSimulator.Build.0 = Debug|Any CPU
		{8A1260EF-0CF6-4F38-99E3-F03C0B8A1C63}.Debug|x64.ActiveCfg = Debug|Any CPU
		{8A1260EF-0CF6-4F38-99E3-F03C0B8A1C63}.Debug|x64.Build.0 = Debug|Any CPU
		{8A1260EF-0CF6-4F38-99E3-F03C0B8A1C63}.Debug|x86.ActiveCfg = Debug|Any CPU
		{8A1260EF-0CF6-4F38-99E3-F03C0B8A1C63}.Debug|x86.Build.0 = Debug|Any CPU
		{8A1260EF-0CF6-4F38-99E3-F03C0B8A1C63}.Release|Any CPU.ActiveCfg = Release|Any CPU
		{8A1260EF-0CF6-4F38-99E3-F03C0B8A1C63}.Release|Any CPU.Build.0 = Release|Any CPU
		{8A1260EF-0CF6-4F38-99E3-F03C0B8A1C63}.Release|ARM.ActiveCfg = Release|Any CPU
		{8A1260EF-0CF6-4F38-99E3-F03C0B8A1C63}.Release|ARM.Build.0 = Release|Any CPU
		{8A1260EF-0CF6-4F38-99E3-F03C0B8A1C63}.Release|ARM64.ActiveCfg = Release|Any CPU
		{8A1260EF-0CF6-4F38-99E3-F03C0B8A1C63}.Release|ARM64.Build.0 = Release|Any CPU
		{8A1260EF-0CF6-4F38-99E3-F03C0B8A1C63}.Release|iPhone.ActiveCfg = Release|Any CPU
		{8A1260EF-0CF6-4F38-99E3-F03C0B8A1C63}.Release|iPhone.Build.0 = Release|Any CPU
		{8A1260EF-0CF6-4F38-99E3-F03C0B8A1C63}.Release|iPhoneSimulator.ActiveCfg = Release|Any CPU
		{8A1260EF-0CF6-4F38-99E3-F03C0B8A1C63}.Release|iPhoneSimulator.Build.0 = Release|Any CPU
		{8A1260EF-0CF6-4F38-99E3-F03C0B8A1C63}.Release|x64.ActiveCfg = Release|Any CPU
		{8A1260EF-0CF6-4F38-99E3-F03C0B8A1C63}.Release|x64.Build.0 = Release|Any CPU
		{8A1260EF-0CF6-4F38-99E3-F03C0B8A1C63}.Release|x86.ActiveCfg = Release|Any CPU
		{8A1260EF-0CF6-4F38-99E3-F03C0B8A1C63}.Release|x86.Build.0 = Release|Any CPU
		{8A1260EF-0CF6-4F38-99E3-F03C0B8A1C63}.ReleaseAndroid9.0|Any CPU.ActiveCfg = Release|Any CPU
		{8A1260EF-0CF6-4F38-99E3-F03C0B8A1C63}.ReleaseAndroid9.0|Any CPU.Build.0 = Release|Any CPU
		{8A1260EF-0CF6-4F38-99E3-F03C0B8A1C63}.ReleaseAndroid9.0|ARM.ActiveCfg = Release|Any CPU
		{8A1260EF-0CF6-4F38-99E3-F03C0B8A1C63}.ReleaseAndroid9.0|ARM.Build.0 = Release|Any CPU
		{8A1260EF-0CF6-4F38-99E3-F03C0B8A1C63}.ReleaseAndroid9.0|ARM64.ActiveCfg = Release|Any CPU
		{8A1260EF-0CF6-4F38-99E3-F03C0B8A1C63}.ReleaseAndroid9.0|ARM64.Build.0 = Release|Any CPU
		{8A1260EF-0CF6-4F38-99E3-F03C0B8A1C63}.ReleaseAndroid9.0|iPhone.ActiveCfg = Release|Any CPU
		{8A1260EF-0CF6-4F38-99E3-F03C0B8A1C63}.ReleaseAndroid9.0|iPhone.Build.0 = Release|Any CPU
		{8A1260EF-0CF6-4F38-99E3-F03C0B8A1C63}.ReleaseAndroid9.0|iPhoneSimulator.ActiveCfg = Release|Any CPU
		{8A1260EF-0CF6-4F38-99E3-F03C0B8A1C63}.ReleaseAndroid9.0|iPhoneSimulator.Build.0 = Release|Any CPU
		{8A1260EF-0CF6-4F38-99E3-F03C0B8A1C63}.ReleaseAndroid9.0|x64.ActiveCfg = Release|Any CPU
		{8A1260EF-0CF6-4F38-99E3-F03C0B8A1C63}.ReleaseAndroid9.0|x64.Build.0 = Release|Any CPU
		{8A1260EF-0CF6-4F38-99E3-F03C0B8A1C63}.ReleaseAndroid9.0|x86.ActiveCfg = Release|Any CPU
		{8A1260EF-0CF6-4F38-99E3-F03C0B8A1C63}.ReleaseAndroid9.0|x86.Build.0 = Release|Any CPU
		{502AE23D-4499-472E-8421-C2E8FBE54683}.Debug|Any CPU.ActiveCfg = Debug|Any CPU
		{502AE23D-4499-472E-8421-C2E8FBE54683}.Debug|Any CPU.Build.0 = Debug|Any CPU
		{502AE23D-4499-472E-8421-C2E8FBE54683}.Debug|ARM.ActiveCfg = Debug|Any CPU
		{502AE23D-4499-472E-8421-C2E8FBE54683}.Debug|ARM.Build.0 = Debug|Any CPU
		{502AE23D-4499-472E-8421-C2E8FBE54683}.Debug|ARM64.ActiveCfg = Debug|Any CPU
		{502AE23D-4499-472E-8421-C2E8FBE54683}.Debug|ARM64.Build.0 = Debug|Any CPU
		{502AE23D-4499-472E-8421-C2E8FBE54683}.Debug|iPhone.ActiveCfg = Debug|Any CPU
		{502AE23D-4499-472E-8421-C2E8FBE54683}.Debug|iPhone.Build.0 = Debug|Any CPU
		{502AE23D-4499-472E-8421-C2E8FBE54683}.Debug|iPhoneSimulator.ActiveCfg = Debug|Any CPU
		{502AE23D-4499-472E-8421-C2E8FBE54683}.Debug|iPhoneSimulator.Build.0 = Debug|Any CPU
		{502AE23D-4499-472E-8421-C2E8FBE54683}.Debug|x64.ActiveCfg = Debug|Any CPU
		{502AE23D-4499-472E-8421-C2E8FBE54683}.Debug|x64.Build.0 = Debug|Any CPU
		{502AE23D-4499-472E-8421-C2E8FBE54683}.Debug|x86.ActiveCfg = Debug|Any CPU
		{502AE23D-4499-472E-8421-C2E8FBE54683}.Debug|x86.Build.0 = Debug|Any CPU
		{502AE23D-4499-472E-8421-C2E8FBE54683}.Release|Any CPU.ActiveCfg = Release|Any CPU
		{502AE23D-4499-472E-8421-C2E8FBE54683}.Release|Any CPU.Build.0 = Release|Any CPU
		{502AE23D-4499-472E-8421-C2E8FBE54683}.Release|ARM.ActiveCfg = Release|Any CPU
		{502AE23D-4499-472E-8421-C2E8FBE54683}.Release|ARM.Build.0 = Release|Any CPU
		{502AE23D-4499-472E-8421-C2E8FBE54683}.Release|ARM64.ActiveCfg = Release|Any CPU
		{502AE23D-4499-472E-8421-C2E8FBE54683}.Release|ARM64.Build.0 = Release|Any CPU
		{502AE23D-4499-472E-8421-C2E8FBE54683}.Release|iPhone.ActiveCfg = Release|Any CPU
		{502AE23D-4499-472E-8421-C2E8FBE54683}.Release|iPhone.Build.0 = Release|Any CPU
		{502AE23D-4499-472E-8421-C2E8FBE54683}.Release|iPhoneSimulator.ActiveCfg = Release|Any CPU
		{502AE23D-4499-472E-8421-C2E8FBE54683}.Release|iPhoneSimulator.Build.0 = Release|Any CPU
		{502AE23D-4499-472E-8421-C2E8FBE54683}.Release|x64.ActiveCfg = Release|Any CPU
		{502AE23D-4499-472E-8421-C2E8FBE54683}.Release|x64.Build.0 = Release|Any CPU
		{502AE23D-4499-472E-8421-C2E8FBE54683}.Release|x86.ActiveCfg = Release|Any CPU
		{502AE23D-4499-472E-8421-C2E8FBE54683}.Release|x86.Build.0 = Release|Any CPU
		{502AE23D-4499-472E-8421-C2E8FBE54683}.ReleaseAndroid9.0|Any CPU.ActiveCfg = Release|Any CPU
		{502AE23D-4499-472E-8421-C2E8FBE54683}.ReleaseAndroid9.0|Any CPU.Build.0 = Release|Any CPU
		{502AE23D-4499-472E-8421-C2E8FBE54683}.ReleaseAndroid9.0|ARM.ActiveCfg = Release|Any CPU
		{502AE23D-4499-472E-8421-C2E8FBE54683}.ReleaseAndroid9.0|ARM.Build.0 = Release|Any CPU
		{502AE23D-4499-472E-8421-C2E8FBE54683}.ReleaseAndroid9.0|ARM64.ActiveCfg = Release|Any CPU
		{502AE23D-4499-472E-8421-C2E8FBE54683}.ReleaseAndroid9.0|ARM64.Build.0 = Release|Any CPU
		{502AE23D-4499-472E-8421-C2E8FBE54683}.ReleaseAndroid9.0|iPhone.ActiveCfg = Release|Any CPU
		{502AE23D-4499-472E-8421-C2E8FBE54683}.ReleaseAndroid9.0|iPhone.Build.0 = Release|Any CPU
		{502AE23D-4499-472E-8421-C2E8FBE54683}.ReleaseAndroid9.0|iPhoneSimulator.ActiveCfg = Release|Any CPU
		{502AE23D-4499-472E-8421-C2E8FBE54683}.ReleaseAndroid9.0|iPhoneSimulator.Build.0 = Release|Any CPU
		{502AE23D-4499-472E-8421-C2E8FBE54683}.ReleaseAndroid9.0|x64.ActiveCfg = Release|Any CPU
		{502AE23D-4499-472E-8421-C2E8FBE54683}.ReleaseAndroid9.0|x64.Build.0 = Release|Any CPU
		{502AE23D-4499-472E-8421-C2E8FBE54683}.ReleaseAndroid9.0|x86.ActiveCfg = Release|Any CPU
		{502AE23D-4499-472E-8421-C2E8FBE54683}.ReleaseAndroid9.0|x86.Build.0 = Release|Any CPU
		{A8847176-561B-4931-BF7C-F30C0DE91F53}.Debug|Any CPU.ActiveCfg = Debug|Any CPU
		{A8847176-561B-4931-BF7C-F30C0DE91F53}.Debug|Any CPU.Build.0 = Debug|Any CPU
		{A8847176-561B-4931-BF7C-F30C0DE91F53}.Debug|ARM.ActiveCfg = Debug|Any CPU
		{A8847176-561B-4931-BF7C-F30C0DE91F53}.Debug|ARM.Build.0 = Debug|Any CPU
		{A8847176-561B-4931-BF7C-F30C0DE91F53}.Debug|ARM64.ActiveCfg = Debug|Any CPU
		{A8847176-561B-4931-BF7C-F30C0DE91F53}.Debug|ARM64.Build.0 = Debug|Any CPU
		{A8847176-561B-4931-BF7C-F30C0DE91F53}.Debug|iPhone.ActiveCfg = Debug|Any CPU
		{A8847176-561B-4931-BF7C-F30C0DE91F53}.Debug|iPhone.Build.0 = Debug|Any CPU
		{A8847176-561B-4931-BF7C-F30C0DE91F53}.Debug|iPhoneSimulator.ActiveCfg = Debug|Any CPU
		{A8847176-561B-4931-BF7C-F30C0DE91F53}.Debug|iPhoneSimulator.Build.0 = Debug|Any CPU
		{A8847176-561B-4931-BF7C-F30C0DE91F53}.Debug|x64.ActiveCfg = Debug|Any CPU
		{A8847176-561B-4931-BF7C-F30C0DE91F53}.Debug|x64.Build.0 = Debug|Any CPU
		{A8847176-561B-4931-BF7C-F30C0DE91F53}.Debug|x86.ActiveCfg = Debug|Any CPU
		{A8847176-561B-4931-BF7C-F30C0DE91F53}.Debug|x86.Build.0 = Debug|Any CPU
		{A8847176-561B-4931-BF7C-F30C0DE91F53}.Release|Any CPU.ActiveCfg = Release|Any CPU
		{A8847176-561B-4931-BF7C-F30C0DE91F53}.Release|Any CPU.Build.0 = Release|Any CPU
		{A8847176-561B-4931-BF7C-F30C0DE91F53}.Release|ARM.ActiveCfg = Release|Any CPU
		{A8847176-561B-4931-BF7C-F30C0DE91F53}.Release|ARM.Build.0 = Release|Any CPU
		{A8847176-561B-4931-BF7C-F30C0DE91F53}.Release|ARM64.ActiveCfg = Release|Any CPU
		{A8847176-561B-4931-BF7C-F30C0DE91F53}.Release|ARM64.Build.0 = Release|Any CPU
		{A8847176-561B-4931-BF7C-F30C0DE91F53}.Release|iPhone.ActiveCfg = Release|Any CPU
		{A8847176-561B-4931-BF7C-F30C0DE91F53}.Release|iPhone.Build.0 = Release|Any CPU
		{A8847176-561B-4931-BF7C-F30C0DE91F53}.Release|iPhoneSimulator.ActiveCfg = Release|Any CPU
		{A8847176-561B-4931-BF7C-F30C0DE91F53}.Release|iPhoneSimulator.Build.0 = Release|Any CPU
		{A8847176-561B-4931-BF7C-F30C0DE91F53}.Release|x64.ActiveCfg = Release|Any CPU
		{A8847176-561B-4931-BF7C-F30C0DE91F53}.Release|x64.Build.0 = Release|Any CPU
		{A8847176-561B-4931-BF7C-F30C0DE91F53}.Release|x86.ActiveCfg = Release|Any CPU
		{A8847176-561B-4931-BF7C-F30C0DE91F53}.Release|x86.Build.0 = Release|Any CPU
		{A8847176-561B-4931-BF7C-F30C0DE91F53}.ReleaseAndroid9.0|Any CPU.ActiveCfg = Release|Any CPU
		{A8847176-561B-4931-BF7C-F30C0DE91F53}.ReleaseAndroid9.0|Any CPU.Build.0 = Release|Any CPU
		{A8847176-561B-4931-BF7C-F30C0DE91F53}.ReleaseAndroid9.0|ARM.ActiveCfg = Release|Any CPU
		{A8847176-561B-4931-BF7C-F30C0DE91F53}.ReleaseAndroid9.0|ARM.Build.0 = Release|Any CPU
		{A8847176-561B-4931-BF7C-F30C0DE91F53}.ReleaseAndroid9.0|ARM64.ActiveCfg = Release|Any CPU
		{A8847176-561B-4931-BF7C-F30C0DE91F53}.ReleaseAndroid9.0|ARM64.Build.0 = Release|Any CPU
		{A8847176-561B-4931-BF7C-F30C0DE91F53}.ReleaseAndroid9.0|iPhone.ActiveCfg = Release|Any CPU
		{A8847176-561B-4931-BF7C-F30C0DE91F53}.ReleaseAndroid9.0|iPhone.Build.0 = Release|Any CPU
		{A8847176-561B-4931-BF7C-F30C0DE91F53}.ReleaseAndroid9.0|iPhoneSimulator.ActiveCfg = Release|Any CPU
		{A8847176-561B-4931-BF7C-F30C0DE91F53}.ReleaseAndroid9.0|iPhoneSimulator.Build.0 = Release|Any CPU
		{A8847176-561B-4931-BF7C-F30C0DE91F53}.ReleaseAndroid9.0|x64.ActiveCfg = Release|Any CPU
		{A8847176-561B-4931-BF7C-F30C0DE91F53}.ReleaseAndroid9.0|x64.Build.0 = Release|Any CPU
		{A8847176-561B-4931-BF7C-F30C0DE91F53}.ReleaseAndroid9.0|x86.ActiveCfg = Release|Any CPU
		{A8847176-561B-4931-BF7C-F30C0DE91F53}.ReleaseAndroid9.0|x86.Build.0 = Release|Any CPU
	EndGlobalSection
	GlobalSection(SolutionProperties) = preSolution
		HideSolutionNode = FALSE
	EndGlobalSection
	GlobalSection(NestedProjects) = preSolution
		{2C7C286C-5A73-417F-A49B-24A1E447111C} = {CE4B0A88-061B-41D0-BDDB-F9C181B89F43}
		{4A4B357C-63C2-4572-B25F-0CE9391B6766} = {CE4B0A88-061B-41D0-BDDB-F9C181B89F43}
		{932B157B-E2E3-44DE-8678-E344F4D85EE3} = {7FBC6B43-C237-4935-B2A6-EB5B5F107650}
		{127470F1-4C3F-442B-84C7-6B771CB5D113} = {932B157B-E2E3-44DE-8678-E344F4D85EE3}
		{F6719964-727A-4C81-9C32-FA0B08CA8AE6} = {932B157B-E2E3-44DE-8678-E344F4D85EE3}
		{29B1C798-02D7-4732-ACC5-0FD2E4BBEC8B} = {932B157B-E2E3-44DE-8678-E344F4D85EE3}
		{502AE23D-4499-472E-8421-C2E8FBE54683} = {7FBC6B43-C237-4935-B2A6-EB5B5F107650}
		{A8847176-561B-4931-BF7C-F30C0DE91F53} = {7FBC6B43-C237-4935-B2A6-EB5B5F107650}
	EndGlobalSection
	GlobalSection(ExtensibilityGlobals) = postSolution
		SolutionGuid = {2B96919F-65A7-4C83-88B2-4BA76A25DE2B}
	EndGlobalSection
EndGlobal
